PODS:
  - Kiwi/ARC (2.2.3)
  - Kiwi/NonARC (2.2.3)
  - Kiwi/XCTest (2.2.3):
    - Kiwi/ARC
    - Kiwi/NonARC
  - Objection (1.2)
  - OCHamcrest (3.0.1)
  - OCMockito (1.1.0):
    - OCHamcrest (~> 3.0)

DEPENDENCIES:
  - Kiwi/XCTest (= 2.2.3)
  - Objection (= 1.2)
  - OCHamcrest (= 3.0.1)
  - OCMockito (= 1.1.0)

SPEC CHECKSUMS:
  Kiwi: 04c51e880831d291748ec702d42c4101f7eb95c9
  Objection: 39f4abb42cddbeed7cb20e4a02a30217955d76a1
  OCHamcrest: 782c52ae8c673e5d6060a65005cfd26d20d519ba
  OCMockito: 317fa0cf75c9b0d73d2be335789c556537be7fd2

COCOAPODS: 0.28.0
